{
    "_readme": [
        "This file locks the dependencies of your project to a known state",
        "Read more about it at https://getcomposer.org/doc/01-basic-usage.md#installing-dependencies",
        "This file is @generated automatically"
    ],
    "content-hash": "cf0e77acc82a56286caf3669bf724b90",
    "packages": [
        {
            "name": "filp/whoops",
            "version": "2.14.5",
            "source": {
                "type": "git",
                "url": "https://github.com/filp/whoops.git",
                "reference": "a63e5e8f26ebbebf8ed3c5c691637325512eb0dc"
            },
            "dist": {
                "type": "zip",
                "url": "https://api.github.com/repos/filp/whoops/zipball/a63e5e8f26ebbebf8ed3c5c691637325512eb0dc",
                "reference": "a63e5e8f26ebbebf8ed3c5c691637325512eb0dc",
                "shasum": ""
            },
            "require": {
                "php": "^5.5.9 || ^7.0 || ^8.0",
                "psr/log": "^1.0.1 || ^2.0 || ^3.0"
            },
            "require-dev": {
                "mockery/mockery": "^0.9 || ^1.0",
                "phpunit/phpunit": "^4.8.36 || ^5.7.27 || ^6.5.14 || ^7.5.20 || ^8.5.8 || ^9.3.3",
                "symfony/var-dumper": "^2.6 || ^3.0 || ^4.0 || ^5.0"
            },
            "suggest": {
                "symfony/var-dumper": "Pretty print complex values better with var-dumper available",
                "whoops/soap": "Formats errors as SOAP responses"
            },
            "type": "library",
            "extra": {
                "branch-alias": {
                    "dev-master": "2.7-dev"
                }
            },
            "autoload": {
                "psr-4": {
                    "Whoops\\": "src/Whoops/"
                }
            },
            "notification-url": "https://packagist.org/downloads/",
            "license": [
                "MIT"
            ],
            "authors": [
                {
                    "name": "Filipe Dobreira",
                    "homepage": "https://github.com/filp",
                    "role": "Developer"
                }
            ],
            "description": "php error handling for cool kids",
            "homepage": "https://filp.github.io/whoops/",
            "keywords": [
                "error",
                "exception",
                "handling",
                "library",
                "throwable",
                "whoops"
            ],
            "support": {
                "issues": "https://github.com/filp/whoops/issues",
                "source": "https://github.com/filp/whoops/tree/2.14.5"
            },
            "funding": [
                {
                    "url": "https://github.com/denis-sokolov",
                    "type": "github"
                }
            ],
            "time": "2022-01-07T12:00:00+00:00"
        },
        {
            "name": "phpmailer/phpmailer",
            "version": "v6.6.3",
            "source": {
                "type": "git",
                "url": "https://github.com/PHPMailer/PHPMailer.git",
                "reference": "9400f305a898f194caff5521f64e5dfa926626f3"
            },
            "dist": {
                "type": "zip",
                "url": "https://api.github.com/repos/PHPMailer/PHPMailer/zipball/9400f305a898f194caff5521f64e5dfa926626f3",
                "reference": "9400f305a898f194caff5521f64e5dfa926626f3",
                "shasum": ""
            },
            "require": {
                "ext-ctype": "*",
                "ext-filter": "*",
                "ext-hash": "*",
                "php": ">=5.5.0"
            },
            "require-dev": {
                "dealerdirect/phpcodesniffer-composer-installer": "^0.7.0",
                "doctrine/annotations": "^1.2",
                "php-parallel-lint/php-console-highlighter": "^1.0.0",
                "php-parallel-lint/php-parallel-lint": "^1.3.2",
                "phpcompatibility/php-compatibility": "^9.3.5",
                "roave/security-advisories": "dev-latest",
                "squizlabs/php_codesniffer": "^3.6.2",
                "yoast/phpunit-polyfills": "^1.0.0"
            },
            "suggest": {
                "ext-mbstring": "Needed to send email in multibyte encoding charset or decode encoded addresses",
                "hayageek/oauth2-yahoo": "Needed for Yahoo XOAUTH2 authentication",
                "league/oauth2-google": "Needed for Google XOAUTH2 authentication",
                "psr/log": "For optional PSR-3 debug logging",
                "stevenmaguire/oauth2-microsoft": "Needed for Microsoft XOAUTH2 authentication",
                "symfony/polyfill-mbstring": "To support UTF-8 if the Mbstring PHP extension is not enabled (^1.2)"
            },
            "type": "library",
            "autoload": {
                "psr-4": {
                    "PHPMailer\\PHPMailer\\": "src/"
                }
            },
            "notification-url": "https://packagist.org/downloads/",
            "license": [
                "LGPL-2.1-only"
            ],
            "authors": [
                {
                    "name": "Marcus Bointon",
                    "email": "phpmailer@synchromedia.co.uk"
                },
                {
                    "name": "Jim Jagielski",
                    "email": "jimjag@gmail.com"
                },
                {
                    "name": "Andy Prevost",
                    "email": "codeworxtech@users.sourceforge.net"
                },
                {
                    "name": "Brent R. Matzelle"
                }
            ],
            "description": "PHPMailer is a full-featured email creation and transfer class for PHP",
            "support": {
                "issues": "https://github.com/PHPMailer/PHPMailer/issues",
                "source": "https://github.com/PHPMailer/PHPMailer/tree/v6.6.3"
            },
            "funding": [
                {
                    "url": "https://github.com/Synchro",
                    "type": "github"
                }
            ],
            "time": "2022-06-20T09:21:02+00:00"
        },
        {
            "name": "psr/log",
            "version": "1.1.4",
            "source": {
                "type": "git",
                "url": "https://github.com/php-fig/log.git",
                "reference": "d49695b909c3b7628b6289db5479a1c204601f11"
            },
            "dist": {
                "type": "zip",
                "url": "https://api.github.com/repos/php-fig/log/zipball/d49695b909c3b7628b6289db5479a1c204601f11",
                "reference": "d49695b909c3b7628b6289db5479a1c204601f11",
                "shasum": ""
            },
            "require": {
                "php": ">=5.3.0"
            },
            "type": "library",
            "extra": {
                "branch-alias": {
                    "dev-master": "1.1.x-dev"
                }
            },
            "autoload": {
                "psr-4": {
                    "Psr\\Log\\": "Psr/Log/"
                }
            },
            "notification-url": "https://packagist.org/downloads/",
            "license": [
                "MIT"
            ],
            "authors": [
                {
                    "name": "PHP-FIG",
                    "homepage": "https://www.php-fig.org/"
                }
            ],
            "description": "Common interface for logging libraries",
            "homepage": "https://github.com/php-fig/log",
            "keywords": [
                "log",
                "psr",
                "psr-3"
            ],
            "support": {
                "source": "https://github.com/php-fig/log/tree/1.1.4"
            },
            "time": "2021-05-03T11:20:27+00:00"
        },
        {
            "name": "sendgrid/php-http-client",
            "version": "3.14.4",
            "source": {
                "type": "git",
                "url": "https://github.com/sendgrid/php-http-client.git",
                "reference": "6d589564522be290c7d7c18e51bcd8b03aeaf0b6"
            },
            "dist": {
                "type": "zip",
                "url": "https://api.github.com/repos/sendgrid/php-http-client/zipball/6d589564522be290c7d7c18e51bcd8b03aeaf0b6",
                "reference": "6d589564522be290c7d7c18e51bcd8b03aeaf0b6",
                "shasum": ""
            },
            "require": {
                "ext-curl": "*",
                "ext-json": "*",
                "ext-mbstring": "*",
                "php": ">=5.6"
            },
            "require-dev": {
                "friendsofphp/php-cs-fixer": "^2.16",
                "phpunit/phpunit": "^5.7 || ^6.5",
                "sebastian/version": "^1.0.6",
                "squizlabs/php_codesniffer": "~2.0"
            },
            "suggest": {
                "composer/ca-bundle": "Including this library will ensure that a valid CA bundle is available for secure connections"
            },
            "type": "library",
            "autoload": {
                "psr-4": {
                    "SendGrid\\": "lib/"
                }
            },
            "notification-url": "https://packagist.org/downloads/",
            "license": [
                "MIT"
            ],
            "authors": [
                {
                    "name": "Matt Bernier",
                    "email": "mbernier@twilio.com"
                },
                {
                    "name": "Elmer Thomas",
                    "email": "ethomas@twilio.com"
                }
            ],
            "description": "HTTP REST client, simplified for PHP",
            "homepage": "http://github.com/sendgrid/php-http-client",
            "keywords": [
                "api",
                "fluent",
                "http",
                "rest",
                "sendgrid"
            ],
            "support": {
                "issues": "https://github.com/sendgrid/php-http-client/issues",
                "source": "https://github.com/sendgrid/php-http-client/tree/3.14.4"
            },
            "time": "2022-03-09T20:21:55+00:00"
        },
        {
            "name": "sendgrid/sendgrid",
            "version": "7.11.5",
            "source": {
                "type": "git",
                "url": "https://github.com/sendgrid/sendgrid-php.git",
                "reference": "1d2fd3b72687fe82264853a8888b014f8f99e81f"
            },
            "dist": {
                "type": "zip",
                "url": "https://api.github.com/repos/sendgrid/sendgrid-php/zipball/1d2fd3b72687fe82264853a8888b014f8f99e81f",
                "reference": "1d2fd3b72687fe82264853a8888b014f8f99e81f",
                "shasum": ""
            },
            "require": {
                "ext-curl": "*",
                "ext-json": "*",
                "ext-mbstring": "*",
                "ext-openssl": "*",
                "php": ">=5.6",
                "sendgrid/php-http-client": "~3.10",
                "starkbank/ecdsa": "0.*"
            },
            "replace": {
                "sendgrid/sendgrid-php": "*"
            },
            "require-dev": {
                "phpunit/phpunit": "^5.7.9 || ^6.4.3",
                "squizlabs/php_codesniffer": "3.*",
                "swaggest/json-diff": "^3.4"
            },
            "type": "library",
            "autoload": {
                "psr-4": {
                    "SendGrid\\Mail\\": "lib/mail/",
                    "SendGrid\\Stats\\": "lib/stats/",
                    "SendGrid\\Helper\\": "lib/helper/",
                    "SendGrid\\Contacts\\": "lib/contacts/",
                    "SendGrid\\EventWebhook\\": "lib/eventwebhook/"
                },
                "classmap": [
                    "lib/BaseSendGridClientInterface.php",
                    "lib/SendGrid.php",
                    "lib/TwilioEmail.php"
                ]
            },
            "notification-url": "https://packagist.org/downloads/",
            "license": [
                "MIT"
            ],
            "description": "This library allows you to quickly and easily send emails through Twilio SendGrid using PHP.",
            "homepage": "http://github.com/sendgrid/sendgrid-php",
            "keywords": [
                "email",
                "grid",
                "send",
                "sendgrid",
                "twilio sendgrid"
            ],
            "support": {
                "issues": "https://github.com/sendgrid/sendgrid-php/issues",
                "source": "https://github.com/sendgrid/sendgrid-php/tree/7.11.5"
            },
            "time": "2022-03-09T20:21:56+00:00"
        },
        {
            "name": "starkbank/ecdsa",
            "version": "0.0.5",
            "source": {
                "type": "git",
                "url": "https://github.com/starkbank/ecdsa-php.git",
                "reference": "484bedac47bac4012dc73df91da221f0a66845cb"
            },
            "dist": {
                "type": "zip",
                "url": "https://api.github.com/repos/starkbank/ecdsa-php/zipball/484bedac47bac4012dc73df91da221f0a66845cb",
                "reference": "484bedac47bac4012dc73df91da221f0a66845cb",
                "shasum": ""
            },
            "require": {
                "php": ">=5.5"
            },
            "type": "library",
            "autoload": {
                "files": [
                    "src/ellipticcurve.php"
                ]
            },
            "notification-url": "https://packagist.org/downloads/",
            "license": [
                "MIT"
            ],
            "authors": [
                {
                    "name": "StarkBank",
                    "email": "developers@starkbank.com",
                    "homepage": "https://starkbank.com",
                    "role": "Developer"
                }
            ],
            "description": "fast openSSL-compatible implementation of the Elliptic Curve Digital Signature Algorithm (ECDSA)",
            "homepage": "https://github.com/starkbank/ecdsa-php",
            "support": {
                "issues": "https://github.com/starkbank/ecdsa-php/issues",
                "source": "https://github.com/starkbank/ecdsa-php/tree/v0.0.5"
            },
            "time": "2021-06-06T22:24:49+00:00"
        },
        {
            "name": "tinymce/tinymce",
            "version": "5.10.5",
            "source": {
                "type": "git",
                "url": "https://github.com/tinymce/tinymce-dist.git",
                "reference": "c91227ab933d664c3ce2ea4ec68257f2282437ed"
            },
            "dist": {
                "type": "zip",
                "url": "https://api.github.com/repos/tinymce/tinymce-dist/zipball/c91227ab933d664c3ce2ea4ec68257f2282437ed",
                "reference": "c91227ab933d664c3ce2ea4ec68257f2282437ed",
                "shasum": ""
            },
            "type": "component",
            "extra": {
                "component": {
                    "scripts": [
                        "tinymce.js",
                        "plugins/*/plugin.js",
                        "themes/*/theme.js",
                        "themes/*/icons.js"
                    ],
                    "files": [
                        "tinymce.min.js",
                        "plugins/*/plugin.min.js",
                        "themes/*/theme.min.js",
                        "skins/**",
                        "icons/*/icons.min.js"
                    ]
                }
            },
            "notification-url": "https://packagist.org/downloads/",
            "license": [
                "LGPL-2.1-only"
            ],
            "description": "Web based JavaScript HTML WYSIWYG editor control.",
            "homepage": "https://www.tiny.cloud/",
            "keywords": [
                "contenteditable",
                "editing",
                "html",
                "javascript",
                "rich editor",
                "rich text",
                "rich text editor",
                "richtext",
                "rte",
                "text",
                "tinymce",
                "wysiwyg"
            ],
            "support": {
                "source": "https://github.com/tinymce/tinymce-dist/tree/5.10.5"
            },
            "time": "2022-05-25T04:08:16+00:00"
        }
    ],
    "packages-dev": [],
    "aliases": [],
    "minimum-stability": "stable",
    "stability-flags": [],
    "prefer-stable": false,
    "prefer-lowest": false,
    "platform": [],
    "platform-dev": [],
    "plugin-api-version": "2.1.0"
}
